
Microsoft Visual Studio Solution File, Format Version 12.00
# Visual Studio Version 16
VisualStudioVersion = 16.0.30204.135
MinimumVisualStudioVersion = 10.0.40219.1
Project("{9A19103F-16F7-4668-BE54-9A1E7A4F7556}") = "ContactsApp", "ContactsApp\ContactsApp.csproj", "{2232A401-3DFE-4D1C-9BE5-DF3939567EBF}"
EndProject
Project("{9A19103F-16F7-4668-BE54-9A1E7A4F7556}") = "Employee", "Employee\Employee.csproj", "{40B7EE4B-2EFC-4FDA-9C5C-CA7F61833351}"
EndProject
Project("{9A19103F-16F7-4668-BE54-9A1E7A4F7556}") = "Shared", "Shared\Shared.csproj", "{9737FC53-B0A6-4503-9185-8E1A7427ED39}"
EndProject
Project("{FAE04EC0-301F-11D3-BF4B-00C04F79EFBC}") = "EmployeeTests", "EmployeeTests\EmployeeTests.csproj", "{43C39C68-5F97-4283-8952-D9D47FB45801}"
EndProject
Project("{2150E333-8FDC-42A3-9474-1A3956D46DE8}") = "Tests", "Tests", "{AF6967DA-9856-4B04-9895-760FBAE91518}"
EndProject
Global
	GlobalSection(SolutionConfigurationPlatforms) = preSolution
		Debug|Any CPU = Debug|Any CPU
		Release|Any CPU = Release|Any CPU
	EndGlobalSection
	GlobalSection(ProjectConfigurationPlatforms) = postSolution
		{2232A401-3DFE-4D1C-9BE5-DF3939567EBF}.Debug|Any CPU.ActiveCfg = Debug|Any CPU
		{2232A401-3DFE-4D1C-9BE5-DF3939567EBF}.Debug|Any CPU.Build.0 = Debug|Any CPU
		{2232A401-3DFE-4D1C-9BE5-DF3939567EBF}.Release|Any CPU.ActiveCfg = Release|Any CPU
		{2232A401-3DFE-4D1C-9BE5-DF3939567EBF}.Release|Any CPU.Build.0 = Release|Any CPU
		{40B7EE4B-2EFC-4FDA-9C5C-CA7F61833351}.Debug|Any CPU.ActiveCfg = Debug|Any CPU
		{40B7EE4B-2EFC-4FDA-9C5C-CA7F61833351}.Debug|Any CPU.Build.0 = Debug|Any CPU
		{40B7EE4B-2EFC-4FDA-9C5C-CA7F61833351}.Release|Any CPU.ActiveCfg = Release|Any CPU
		{40B7EE4B-2EFC-4FDA-9C5C-CA7F61833351}.Release|Any CPU.Build.0 = Release|Any CPU
		{9737FC53-B0A6-4503-9185-8E1A7427ED39}.Debug|Any CPU.ActiveCfg = Debug|Any CPU
		{9737FC53-B0A6-4503-9185-8E1A7427ED39}.Debug|Any CPU.Build.0 = Debug|Any CPU
		{9737FC53-B0A6-4503-9185-8E1A7427ED39}.Release|Any CPU.ActiveCfg = Release|Any CPU
		{9737FC53-B0A6-4503-9185-8E1A7427ED39}.Release|Any CPU.Build.0 = Release|Any CPU
		{43C39C68-5F97-4283-8952-D9D47FB45801}.Debug|Any CPU.ActiveCfg = Debug|Any CPU
		{43C39C68-5F97-4283-8952-D9D47FB45801}.Debug|Any CPU.Build.0 = Debug|Any CPU
		{43C39C68-5F97-4283-8952-D9D47FB45801}.Release|Any CPU.ActiveCfg = Release|Any CPU
		{43C39C68-5F97-4283-8952-D9D47FB45801}.Release|Any CPU.Build.0 = Release|Any CPU
	EndGlobalSection
	GlobalSection(SolutionProperties) = preSolution
		HideSolutionNode = FALSE
	EndGlobalSection
	GlobalSection(NestedProjects) = preSolution
		{43C39C68-5F97-4283-8952-D9D47FB45801} = {AF6967DA-9856-4B04-9895-760FBAE91518}
	EndGlobalSection
	GlobalSection(ExtensibilityGlobals) = postSolution
		SolutionGuid = {66A78FF5-0685-4896-845D-DA77C6914172}
	EndGlobalSection
EndGlobal
